
Microsoft Visual Studio Solution File, Format Version 12.00
# Visual Studio Version 16
VisualStudioVersion = 16.0.31515.178
MinimumVisualStudioVersion = 10.0.40219.1
Project("{888888A0-9F3D-457C-B088-3A5042F75D52}") = "CIS210 Course Project", "CIS210 Course Project.pyproj", "{D773A929-9015-4274-984F-A648EDC44164}"
EndProject
Global
	GlobalSection(SolutionConfigurationPlatforms) = preSolution
		Debug|Any CPU = Debug|Any CPU
		Release|Any CPU = Release|Any CPU
	EndGlobalSection
	GlobalSection(ProjectConfigurationPlatforms) = postSolution
		{D773A929-9015-4274-984F-A648EDC44164}.Debug|Any CPU.ActiveCfg = Debug|Any CPU
		{D773A929-9015-4274-984F-A648EDC44164}.Release|Any CPU.ActiveCfg = Release|Any CPU
	EndGlobalSection
	GlobalSection(SolutionProperties) = preSolution
		HideSolutionNode = FALSE
	EndGlobalSection
	GlobalSection(ExtensibilityGlobals) = postSolution
		SolutionGuid = {E2C6C23B-23A5-4788-AD4E-686328C4F62A}
	EndGlobalSection
EndGlobal
